{
  "name": "react-jsoneditor-wrapper",
  "version": "1.0.0",
  "lockfileVersion": 1,
  "requires": true,
  "dependencies": {
    "@sphinxxxx/color-conversion": {
      "version": "2.2.2",
      "resolved": "https://registry.npmjs.org/@sphinxxxx/color-conversion/-/color-conversion-2.2.2.tgz",
      "integrity": "sha512-XExJS3cLqgrmNBIP3bBw6+1oQ1ksGjFh0+oClDKFYpCCqx/hlqwWO5KO/S63fzUo67SxI9dMrF0y5T/Ey7h8Zw=="
    },
    "@types/ace": {
      "version": "0.0.42",
      "resolved": "https://registry.npmjs.org/@types/ace/-/ace-0.0.42.tgz",
      "integrity": "sha512-ZakacqExJnGSoz0fSFtSL1A1Df+MIqTIPBBMl1ppEU8wS5AWGx0EPQPOyiAazkyMrskI0iG16tT+K1ZmIJGGnA==",
      "dev": true
    },
    "@types/jsoneditor": {
      "version": "5.28.1",
      "resolved": "https://registry.npmjs.org/@types/jsoneditor/-/jsoneditor-5.28.1.tgz",
      "integrity": "sha512-WgN/fKOKjytFAzA4bHR1/7XbGnS29ILEQy0MnHJ4wcmXiq4ZXpHPUgGBcCaR4hoKSfilHeYMGKb01UOTUeaHEg==",
      "dev": true,
      "requires": {
        "@types/ace": "*",
        "ajv": "*"
      }
    },
    "@types/react": {
      "version": "16.0.39",
      "resolved": "https://registry.npmjs.org/@types/react/-/react-16.0.39.tgz",
      "integrity": "sha512-EdW+v2cqQHHOKOc5s7sCKE8TpP/vVlCnLwLl4JMkzasC9ZNwNMiwAitSi7OhjBarVGoRTygLff+EzfexAFxljw==",
      "dev": true
    },
    "ajv": {
      "version": "6.10.2",
      "resolved": "https://registry.npmjs.org/ajv/-/ajv-6.10.2.tgz",
      "integrity": "sha512-TXtUUEYHuaTEbLZWIKUr5pmBuhDLy+8KYtPYdcV8qC+pOZL+NKqYwvWSRrVXHn+ZmRRAu8vJTAznH7Oag6RVRw==",
      "requires": {
        "fast-deep-equal": "^2.0.1",
        "fast-json-stable-stringify": "^2.0.0",
        "json-schema-traverse": "^0.4.1",
        "uri-js": "^4.2.2"
      }
    },
    "brace": {
      "version": "0.11.1",
      "resolved": "https://registry.npmjs.org/brace/-/brace-0.11.1.tgz",
      "integrity": "sha1-SJb8ydVE7vRfS7dmDbMg07N5/lg="
    },
    "fast-deep-equal": {
      "version": "2.0.1",
      "resolved": "https://registry.npmjs.org/fast-deep-equal/-/fast-deep-equal-2.0.1.tgz",
      "integrity": "sha1-ewUhjd+WZ79/Nwv3/bLLFf3Qqkk="
    },
    "fast-json-stable-stringify": {
      "version": "2.0.0",
      "resolved": "https://registry.npmjs.org/fast-json-stable-stringify/-/fast-json-stable-stringify-2.0.0.tgz",
      "integrity": "sha1-1RQsDK7msRifh9OnYREGT4bIu/I="
    },
    "javascript-natural-sort": {
      "version": "0.7.1",
      "resolved": "https://registry.npmjs.org/javascript-natural-sort/-/javascript-natural-sort-0.7.1.tgz",
      "integrity": "sha1-+eIwPUUH9tdDVac2ZNFED7Wg71k="
    },
    "jmespath": {
      "version": "0.15.0",
      "resolved": "https://registry.npmjs.org/jmespath/-/jmespath-0.15.0.tgz",
      "integrity": "sha1-o/Iiqarp+Wb10nx5ZRDigJF2Qhc="
    },
    "json-schema-traverse": {
      "version": "0.4.1",
      "resolved": "https://registry.npmjs.org/json-schema-traverse/-/json-schema-traverse-0.4.1.tgz",
      "integrity": "sha512-xbbCH5dCYU5T8LcEhhuh7HJ88HXuW3qsI3Y0zOZFKfZEHcpWiHU/Jxzk629Brsab/mMiHQti9wMP+845RPe3Vg=="
    },
    "json-source-map": {
      "version": "0.6.1",
      "resolved": "https://registry.npmjs.org/json-source-map/-/json-source-map-0.6.1.tgz",
      "integrity": "sha512-1QoztHPsMQqhDq0hlXY5ZqcEdUzxQEIxgFkKl4WUp2pgShObl+9ovi4kRh2TfvAfxAoHOJ9vIMEqk3k4iex7tg=="
    },
    "jsoneditor": {
      "version": "6.4.1",
      "resolved": "https://registry.npmjs.org/jsoneditor/-/jsoneditor-6.4.1.tgz",
      "integrity": "sha512-7CqAArWS3tWF15JsRLeq8PWZq8jQ6Ycg2QDVi6YtqaURPf1UnxpfycI0EojClQrRxCULTOiprFSfJMpQkbquBQ==",
      "requires": {
        "ajv": "6.10.2",
        "brace": "0.11.1",
        "javascript-natural-sort": "0.7.1",
        "jmespath": "0.15.0",
        "json-source-map": "0.6.1",
        "mobius1-selectr": "2.4.13",
        "picomodal": "3.0.0",
        "vanilla-picker": "2.9.2"
      }
    },
    "mobius1-selectr": {
      "version": "2.4.13",
      "resolved": "https://registry.npmjs.org/mobius1-selectr/-/mobius1-selectr-2.4.13.tgz",
      "integrity": "sha512-Mk9qDrvU44UUL0EBhbAA1phfQZ7aMZPjwtL7wkpiBzGh8dETGqfsh50mWoX9EkjDlkONlErWXArHCKfoxVg0Bw=="
    },
    "picomodal": {
      "version": "3.0.0",
      "resolved": "https://registry.npmjs.org/picomodal/-/picomodal-3.0.0.tgz",
      "integrity": "sha1-+s0w9PvzSoCcHgTqUl8ATzmcC4I="
    },
    "punycode": {
      "version": "2.1.1",
      "resolved": "https://registry.npmjs.org/punycode/-/punycode-2.1.1.tgz",
      "integrity": "sha512-XRsRjdf+j5ml+y/6GKHPZbrF/8p2Yga0JPtdqTIY2Xe5ohJPD9saDJJLPvp9+NSBprVvevdXZybnj2cv8OEd0A=="
    },
    "uri-js": {
      "version": "4.2.2",
      "resolved": "https://registry.npmjs.org/uri-js/-/uri-js-4.2.2.tgz",
      "integrity": "sha512-KY9Frmirql91X2Qgjry0Wd4Y+YTdrdZheS8TFwvkbLWf/G5KNJDCh6pKL5OZctEW4+0Baa5idK2ZQuELRwPznQ==",
      "requires": {
        "punycode": "^2.1.0"
      }
    },
    "vanilla-picker": {
      "version": "2.9.2",
      "resolved": "https://registry.npmjs.org/vanilla-picker/-/vanilla-picker-2.9.2.tgz",
      "integrity": "sha512-/VvbdCFno9jhOsqK8IVj7Jg6Cst5jeRdP9OWJo5H8R6s34mx/rTZFViucvUWyunbSML97C9SuIGZkRWEWjm3zg==",
      "requires": {
        "@sphinxxxx/color-conversion": "^2.2.1"
      }
    }
  }
}
